
Microsoft Visual Studio Solution File, Format Version 12.00
# Visual Studio Version 17
VisualStudioVersion = 17.8.34316.72
MinimumVisualStudioVersion = 10.0.40219.1
Project("{FAE04EC0-301F-11D3-BF4B-00C04F79EFBC}") = "MVCPractice", "MVCPractice\MVCPractice.csproj", "{521BDE59-CEA1-46E1-90A7-1B14B76420F1}"
EndProject
Project("{FAE04EC0-301F-11D3-BF4B-00C04F79EFBC}") = "DataAccessLayer", "DataAccessLayer\DataAccessLayer.csproj", "{6D98CE77-48D6-4BBA-A6DE-4C91F0072CA0}"
EndProject
Project("{FAE04EC0-301F-11D3-BF4B-00C04F79EFBC}") = "BusinessAccessLayer", "BusinessAccessLayer\BusinessAccessLayer.csproj", "{66D26D81-4B4C-414F-9640-8871D3104BB5}"
EndProject
Project("{FAE04EC0-301F-11D3-BF4B-00C04F79EFBC}") = "BusinessObjects", "BusinessObjects\BusinessObjects.csproj", "{46469871-18AF-41EB-8664-73F2EE99A214}"
EndProject
Global
	GlobalSection(SolutionConfigurationPlatforms) = preSolution
		Debug|Any CPU = Debug|Any CPU
		Release|Any CPU = Release|Any CPU
	EndGlobalSection
	GlobalSection(ProjectConfigurationPlatforms) = postSolution
		{521BDE59-CEA1-46E1-90A7-1B14B76420F1}.Debug|Any CPU.ActiveCfg = Debug|Any CPU
		{521BDE59-CEA1-46E1-90A7-1B14B76420F1}.Debug|Any CPU.Build.0 = Debug|Any CPU
		{521BDE59-CEA1-46E1-90A7-1B14B76420F1}.Release|Any CPU.ActiveCfg = Release|Any CPU
		{521BDE59-CEA1-46E1-90A7-1B14B76420F1}.Release|Any CPU.Build.0 = Release|Any CPU
		{6D98CE77-48D6-4BBA-A6DE-4C91F0072CA0}.Debug|Any CPU.ActiveCfg = Debug|Any CPU
		{6D98CE77-48D6-4BBA-A6DE-4C91F0072CA0}.Debug|Any CPU.Build.0 = Debug|Any CPU
		{6D98CE77-48D6-4BBA-A6DE-4C91F0072CA0}.Release|Any CPU.ActiveCfg = Release|Any CPU
		{6D98CE77-48D6-4BBA-A6DE-4C91F0072CA0}.Release|Any CPU.Build.0 = Release|Any CPU
		{66D26D81-4B4C-414F-9640-8871D3104BB5}.Debug|Any CPU.ActiveCfg = Debug|Any CPU
		{66D26D81-4B4C-414F-9640-8871D3104BB5}.Debug|Any CPU.Build.0 = Debug|Any CPU
		{66D26D81-4B4C-414F-9640-8871D3104BB5}.Release|Any CPU.ActiveCfg = Release|Any CPU
		{66D26D81-4B4C-414F-9640-8871D3104BB5}.Release|Any CPU.Build.0 = Release|Any CPU
		{46469871-18AF-41EB-8664-73F2EE99A214}.Debug|Any CPU.ActiveCfg = Debug|Any CPU
		{46469871-18AF-41EB-8664-73F2EE99A214}.Debug|Any CPU.Build.0 = Debug|Any CPU
		{46469871-18AF-41EB-8664-73F2EE99A214}.Release|Any CPU.ActiveCfg = Release|Any CPU
		{46469871-18AF-41EB-8664-73F2EE99A214}.Release|Any CPU.Build.0 = Release|Any CPU
	EndGlobalSection
	GlobalSection(SolutionProperties) = preSolution
		HideSolutionNode = FALSE
	EndGlobalSection
	GlobalSection(ExtensibilityGlobals) = postSolution
		SolutionGuid = {4BFD4A79-6E1B-4012-8800-27F047B7F967}
	EndGlobalSection
EndGlobal
